// !$*UTF8*$!
{
	archiveVersion = 1;
	classes = {
	};
	objectVersion = 51;
	objects = {

/* Begin PBXBuildFile section */
		8144822CD05A9084CB8773A4 /* Pods_PizzaApp.framework in Frameworks */ = {isa = PBXBuildFile; fileRef = 6815E4CC690C36D3A69AB9E2 /* Pods_PizzaApp.framework */; };
		861A1F73259654C100EFD781 /* BaseWireFrame.swift in Sources */ = {isa = PBXBuildFile; fileRef = 861A1F72259654C100EFD781 /* BaseWireFrame.swift */; };
		864AF3EC258CF9C8005173E6 /* PopularCell.swift in Sources */ = {isa = PBXBuildFile; fileRef = 864AF3EA258CF9C8005173E6 /* PopularCell.swift */; };
		864AF3ED258CF9C8005173E6 /* PopularCell.xib in Resources */ = {isa = PBXBuildFile; fileRef = 864AF3EB258CF9C8005173E6 /* PopularCell.xib */; };
		864AF3F0258D02A6005173E6 /* Product.swift in Sources */ = {isa = PBXBuildFile; fileRef = 864AF3EF258D02A6005173E6 /* Product.swift */; };
		864AF3F3258D136D005173E6 /* CustomTabBarController.swift in Sources */ = {isa = PBXBuildFile; fileRef = 864AF3F2258D136D005173E6 /* CustomTabBarController.swift */; };
		864AF3F5258D20E7005173E6 /* CustomTabBar.swift in Sources */ = {isa = PBXBuildFile; fileRef = 864AF3F4258D20E7005173E6 /* CustomTabBar.swift */; };
		8661BA5F25476D4D003178B2 /* RatingView.swift in Sources */ = {isa = PBXBuildFile; fileRef = 8661BA5E25476D4D003178B2 /* RatingView.swift */; };
		8670F8A825913CE200AC3AAA /* AppCoordinator.swift in Sources */ = {isa = PBXBuildFile; fileRef = 8670F8A725913CE200AC3AAA /* AppCoordinator.swift */; };
		8670F8AB2591402800AC3AAA /* MainNavigators.swift in Sources */ = {isa = PBXBuildFile; fileRef = 8670F8AA2591402800AC3AAA /* MainNavigators.swift */; };
		8670F8AE2591405200AC3AAA /* Navigator.swift in Sources */ = {isa = PBXBuildFile; fileRef = 8670F8AD2591405200AC3AAA /* Navigator.swift */; };
		86B0E9D725851CF000317A7B /* HomeViewModel.swift in Sources */ = {isa = PBXBuildFile; fileRef = 86B0E9D625851CF000317A7B /* HomeViewModel.swift */; };
		86B89C11258D49B10018141C /* UIColor+Extensions.swift in Sources */ = {isa = PBXBuildFile; fileRef = 86B89C10258D49B10018141C /* UIColor+Extensions.swift */; };
		86B9DBFD2544D175000F1FC4 /* UICollectioView+Extensions.swift in Sources */ = {isa = PBXBuildFile; fileRef = 86B9DBFC2544D175000F1FC4 /* UICollectioView+Extensions.swift */; };
		86B9DBFF2544D394000F1FC4 /* UITableView+Extensions.swift in Sources */ = {isa = PBXBuildFile; fileRef = 86B9DBFE2544D394000F1FC4 /* UITableView+Extensions.swift */; };
		86B9DC032544D56E000F1FC4 /* CustomView.swift in Sources */ = {isa = PBXBuildFile; fileRef = 86B9DC022544D56E000F1FC4 /* CustomView.swift */; };
		86F1684D2544A7AD00873F69 /* AppDelegate.swift in Sources */ = {isa = PBXBuildFile; fileRef = 86F1684C2544A7AD00873F69 /* AppDelegate.swift */; };
		86F168562544A7AE00873F69 /* Assets.xcassets in Resources */ = {isa = PBXBuildFile; fileRef = 86F168552544A7AE00873F69 /* Assets.xcassets */; };
		86F168592544A7AE00873F69 /* LaunchScreen.storyboard in Resources */ = {isa = PBXBuildFile; fileRef = 86F168572544A7AE00873F69 /* LaunchScreen.storyboard */; };
		86F168642544A96400873F69 /* HomeViewController.swift in Sources */ = {isa = PBXBuildFile; fileRef = 86F168622544A96400873F69 /* HomeViewController.swift */; };
		86F168652544A96400873F69 /* HomeViewController.xib in Resources */ = {isa = PBXBuildFile; fileRef = 86F168632544A96400873F69 /* HomeViewController.xib */; };
		86F1686C2544C65C00873F69 /* SliderCell.swift in Sources */ = {isa = PBXBuildFile; fileRef = 86F1686A2544C65C00873F69 /* SliderCell.swift */; };
		86F1686D2544C65C00873F69 /* SliderCell.xib in Resources */ = {isa = PBXBuildFile; fileRef = 86F1686B2544C65C00873F69 /* SliderCell.xib */; };
/* End PBXBuildFile section */

/* Begin PBXFileReference section */
		3C22AC1063C6485CB321DAA0 /* Pods-PizzaApp.release.xcconfig */ = {isa = PBXFileReference; includeInIndex = 1; lastKnownFileType = text.xcconfig; name = "Pods-PizzaApp.release.xcconfig"; path = "Target Support Files/Pods-PizzaApp/Pods-PizzaApp.release.xcconfig"; sourceTree = "<group>"; };
		6815E4CC690C36D3A69AB9E2 /* Pods_PizzaApp.framework */ = {isa = PBXFileReference; explicitFileType = wrapper.framework; includeInIndex = 0; path = Pods_PizzaApp.framework; sourceTree = BUILT_PRODUCTS_DIR; };
		6D15D5AA9F955C57E17AFDAC /* Pods-PizzaApp.debug.xcconfig */ = {isa = PBXFileReference; includeInIndex = 1; lastKnownFileType = text.xcconfig; name = "Pods-PizzaApp.debug.xcconfig"; path = "Target Support Files/Pods-PizzaApp/Pods-PizzaApp.debug.xcconfig"; sourceTree = "<group>"; };
		861A1F72259654C100EFD781 /* BaseWireFrame.swift */ = {isa = PBXFileReference; lastKnownFileType = sourcecode.swift; path = BaseWireFrame.swift; sourceTree = "<group>"; };
		864AF3EA258CF9C8005173E6 /* PopularCell.swift */ = {isa = PBXFileReference; lastKnownFileType = sourcecode.swift; path = PopularCell.swift; sourceTree = "<group>"; };
		864AF3EB258CF9C8005173E6 /* PopularCell.xib */ = {isa = PBXFileReference; lastKnownFileType = file.xib; path = PopularCell.xib; sourceTree = "<group>"; };
		864AF3EF258D02A6005173E6 /* Product.swift */ = {isa = PBXFileReference; lastKnownFileType = sourcecode.swift; path = Product.swift; sourceTree = "<group>"; };
		864AF3F2258D136D005173E6 /* CustomTabBarController.swift */ = {isa = PBXFileReference; lastKnownFileType = sourcecode.swift; path = CustomTabBarController.swift; sourceTree = "<group>"; };
		864AF3F4258D20E7005173E6 /* CustomTabBar.swift */ = {isa = PBXFileReference; lastKnownFileType = sourcecode.swift; path = CustomTabBar.swift; sourceTree = "<group>"; };
		8661BA5E25476D4D003178B2 /* RatingView.swift */ = {isa = PBXFileReference; lastKnownFileType = sourcecode.swift; path = RatingView.swift; sourceTree = "<group>"; };
		8670F8A725913CE200AC3AAA /* AppCoordinator.swift */ = {isa = PBXFileReference; lastKnownFileType = sourcecode.swift; path = AppCoordinator.swift; sourceTree = "<group>"; };
		8670F8AA2591402800AC3AAA /* MainNavigators.swift */ = {isa = PBXFileReference; lastKnownFileType = sourcecode.swift; path = MainNavigators.swift; sourceTree = "<group>"; };
		8670F8AD2591405200AC3AAA /* Navigator.swift */ = {isa = PBXFileReference; lastKnownFileType = sourcecode.swift; path = Navigator.swift; sourceTree = "<group>"; };
		86B0E9D625851CF000317A7B /* HomeViewModel.swift */ = {isa = PBXFileReference; lastKnownFileType = sourcecode.swift; path = HomeViewModel.swift; sourceTree = "<group>"; };
		86B89C10258D49B10018141C /* UIColor+Extensions.swift */ = {isa = PBXFileReference; lastKnownFileType = sourcecode.swift; path = "UIColor+Extensions.swift"; sourceTree = "<group>"; };
		86B9DBFC2544D175000F1FC4 /* UICollectioView+Extensions.swift */ = {isa = PBXFileReference; lastKnownFileType = sourcecode.swift; path = "UICollectioView+Extensions.swift"; sourceTree = "<group>"; };
		86B9DBFE2544D394000F1FC4 /* UITableView+Extensions.swift */ = {isa = PBXFileReference; lastKnownFileType = sourcecode.swift; path = "UITableView+Extensions.swift"; sourceTree = "<group>"; };
		86B9DC022544D56E000F1FC4 /* CustomView.swift */ = {isa = PBXFileReference; lastKnownFileType = sourcecode.swift; path = CustomView.swift; sourceTree = "<group>"; };
		86F168492544A7AD00873F69 /* PizzaApp.app */ = {isa = PBXFileReference; explicitFileType = wrapper.application; includeInIndex = 0; path = PizzaApp.app; sourceTree = BUILT_PRODUCTS_DIR; };
		86F1684C2544A7AD00873F69 /* AppDelegate.swift */ = {isa = PBXFileReference; lastKnownFileType = sourcecode.swift; path = AppDelegate.swift; sourceTree = "<group>"; };
		86F168552544A7AE00873F69 /* Assets.xcassets */ = {isa = PBXFileReference; lastKnownFileType = folder.assetcatalog; path = Assets.xcassets; sourceTree = "<group>"; };
		86F168582544A7AE00873F69 /* Base */ = {isa = PBXFileReference; lastKnownFileType = file.storyboard; name = Base; path = Base.lproj/LaunchScreen.storyboard; sourceTree = "<group>"; };
		86F1685A2544A7AE00873F69 /* Info.plist */ = {isa = PBXFileReference; lastKnownFileType = text.plist.xml; path = Info.plist; sourceTree = "<group>"; };
		86F168622544A96400873F69 /* HomeViewController.swift */ = {isa = PBXFileReference; lastKnownFileType = sourcecode.swift; path = HomeViewController.swift; sourceTree = "<group>"; };
		86F168632544A96400873F69 /* HomeViewController.xib */ = {isa = PBXFileReference; lastKnownFileType = file.xib; path = HomeViewController.xib; sourceTree = "<group>"; };
		86F1686A2544C65C00873F69 /* SliderCell.swift */ = {isa = PBXFileReference; lastKnownFileType = sourcecode.swift; path = SliderCell.swift; sourceTree = "<group>"; };
		86F1686B2544C65C00873F69 /* SliderCell.xib */ = {isa = PBXFileReference; lastKnownFileType = file.xib; path = SliderCell.xib; sourceTree = "<group>"; };
/* End PBXFileReference section */

/* Begin PBXFrameworksBuildPhase section */
		86F168462544A7AD00873F69 /* Frameworks */ = {
			isa = PBXFrameworksBuildPhase;
			buildActionMask = 2147483647;
			files = (
				8144822CD05A9084CB8773A4 /* Pods_PizzaApp.framework in Frameworks */,
			);
			runOnlyForDeploymentPostprocessing = 0;
		};
/* End PBXFrameworksBuildPhase section */

/* Begin PBXGroup section */
		45FE3883C28296FAE60F7001 /* Frameworks */ = {
			isa = PBXGroup;
			children = (
				6815E4CC690C36D3A69AB9E2 /* Pods_PizzaApp.framework */,
			);
			name = Frameworks;
			sourceTree = "<group>";
		};
		7ACA64DB57C030B04B9DE5F1 /* Pods */ = {
			isa = PBXGroup;
			children = (
				6D15D5AA9F955C57E17AFDAC /* Pods-PizzaApp.debug.xcconfig */,
				3C22AC1063C6485CB321DAA0 /* Pods-PizzaApp.release.xcconfig */,
			);
			path = Pods;
			sourceTree = "<group>";
		};
		861A1F712596548600EFD781 /* BaseWireFrame */ = {
			isa = PBXGroup;
			children = (
				861A1F72259654C100EFD781 /* BaseWireFrame.swift */,
			);
			path = BaseWireFrame;
			sourceTree = "<group>";
		};
		864AF3EE258D0293005173E6 /* Model */ = {
			isa = PBXGroup;
			children = (
				864AF3EF258D02A6005173E6 /* Product.swift */,
			);
			path = Model;
			sourceTree = "<group>";
		};
		864AF3F1258D1343005173E6 /* CustomTabBar */ = {
			isa = PBXGroup;
			children = (
				864AF3F2258D136D005173E6 /* CustomTabBarController.swift */,
				864AF3F4258D20E7005173E6 /* CustomTabBar.swift */,
			);
			path = CustomTabBar;
			sourceTree = "<group>";
		};
		8661BA5B25476D1C003178B2 /* Core */ = {
			isa = PBXGroup;
			children = (
				861A1F712596548600EFD781 /* BaseWireFrame */,
				8661BA5C25476D27003178B2 /* Views */,
			);
			path = Core;
			sourceTree = "<group>";
		};
		8661BA5C25476D27003178B2 /* Views */ = {
			isa = PBXGroup;
			children = (
				8661BA5D25476D2F003178B2 /* RatingView */,
			);
			path = Views;
			sourceTree = "<group>";
		};
		8661BA5D25476D2F003178B2 /* RatingView */ = {
			isa = PBXGroup;
			children = (
				8661BA5E25476D4D003178B2 /* RatingView.swift */,
			);
			path = RatingView;
			sourceTree = "<group>";
		};
		8670F8A625913CC000AC3AAA /* Coordinator */ = {
			isa = PBXGroup;
			children = (
				8670F8A725913CE200AC3AAA /* AppCoordinator.swift */,
				8670F8AC2591404200AC3AAA /* Protocols */,
				8670F8A925913FE600AC3AAA /* MainNavigators */,
			);
			path = Coordinator;
			sourceTree = "<group>";
		};
		8670F8A925913FE600AC3AAA /* MainNavigators */ = {
			isa = PBXGroup;
			children = (
				8670F8AA2591402800AC3AAA /* MainNavigators.swift */,
			);
			path = MainNavigators;
			sourceTree = "<group>";
		};
		8670F8AC2591404200AC3AAA /* Protocols */ = {
			isa = PBXGroup;
			children = (
				8670F8AD2591405200AC3AAA /* Navigator.swift */,
			);
			path = Protocols;
			sourceTree = "<group>";
		};
		86B9DBFB2544D14B000F1FC4 /* Extensions */ = {
			isa = PBXGroup;
			children = (
				86B9DBFC2544D175000F1FC4 /* UICollectioView+Extensions.swift */,
				86B9DBFE2544D394000F1FC4 /* UITableView+Extensions.swift */,
				86B89C10258D49B10018141C /* UIColor+Extensions.swift */,
			);
			path = Extensions;
			sourceTree = "<group>";
		};
		86B9DC002544D549000F1FC4 /* Common */ = {
			isa = PBXGroup;
			children = (
				86B9DC022544D56E000F1FC4 /* CustomView.swift */,
			);
			path = Common;
			sourceTree = "<group>";
		};
		86B9DC012544D555000F1FC4 /* Utilities */ = {
			isa = PBXGroup;
			children = (
				8670F8A625913CC000AC3AAA /* Coordinator */,
				864AF3F1258D1343005173E6 /* CustomTabBar */,
			);
			path = Utilities;
			sourceTree = "<group>";
		};
		86F168402544A7AD00873F69 = {
			isa = PBXGroup;
			children = (
				86F1684B2544A7AD00873F69 /* PizzaApp */,
				86F1684A2544A7AD00873F69 /* Products */,
				7ACA64DB57C030B04B9DE5F1 /* Pods */,
				45FE3883C28296FAE60F7001 /* Frameworks */,
			);
			sourceTree = "<group>";
		};
		86F1684A2544A7AD00873F69 /* Products */ = {
			isa = PBXGroup;
			children = (
				86F168492544A7AD00873F69 /* PizzaApp.app */,
			);
			name = Products;
			sourceTree = "<group>";
		};
		86F1684B2544A7AD00873F69 /* PizzaApp */ = {
			isa = PBXGroup;
			children = (
				864AF3EE258D0293005173E6 /* Model */,
				8661BA5B25476D1C003178B2 /* Core */,
				86B9DC012544D555000F1FC4 /* Utilities */,
				86B9DC002544D549000F1FC4 /* Common */,
				86B9DBFB2544D14B000F1FC4 /* Extensions */,
				86F168672544ABB800873F69 /* Resources */,
				86F168602544A94300873F69 /* Modules */,
			);
			path = PizzaApp;
			sourceTree = "<group>";
		};
		86F168602544A94300873F69 /* Modules */ = {
			isa = PBXGroup;
			children = (
				86F168612544A94B00873F69 /* Home */,
			);
			path = Modules;
			sourceTree = "<group>";
		};
		86F168612544A94B00873F69 /* Home */ = {
			isa = PBXGroup;
			children = (
				86F168692544C4C200873F69 /* Cells */,
				86F168682544C4B500873F69 /* View */,
			);
			path = Home;
			sourceTree = "<group>";
		};
		86F168672544ABB800873F69 /* Resources */ = {
			isa = PBXGroup;
			children = (
				86F1684C2544A7AD00873F69 /* AppDelegate.swift */,
				86F168552544A7AE00873F69 /* Assets.xcassets */,
				86F168572544A7AE00873F69 /* LaunchScreen.storyboard */,
				86F1685A2544A7AE00873F69 /* Info.plist */,
			);
			path = Resources;
			sourceTree = "<group>";
		};
		86F168682544C4B500873F69 /* View */ = {
			isa = PBXGroup;
			children = (
				86F168622544A96400873F69 /* HomeViewController.swift */,
				86F168632544A96400873F69 /* HomeViewController.xib */,
				86B0E9D625851CF000317A7B /* HomeViewModel.swift */,
			);
			path = View;
			sourceTree = "<group>";
		};
		86F168692544C4C200873F69 /* Cells */ = {
			isa = PBXGroup;
			children = (
				86F1686A2544C65C00873F69 /* SliderCell.swift */,
				86F1686B2544C65C00873F69 /* SliderCell.xib */,
				864AF3EA258CF9C8005173E6 /* PopularCell.swift */,
				864AF3EB258CF9C8005173E6 /* PopularCell.xib */,
			);
			path = Cells;
			sourceTree = "<group>";
		};
/* End PBXGroup section */

/* Begin PBXNativeTarget section */
		86F168482544A7AD00873F69 /* PizzaApp */ = {
			isa = PBXNativeTarget;
			buildConfigurationList = 86F1685D2544A7AE00873F69 /* Build configuration list for PBXNativeTarget "PizzaApp" */;
			buildPhases = (
				01C83E3B079475CBEC2C1C62 /* [CP] Check Pods Manifest.lock */,
				86F168452544A7AD00873F69 /* Sources */,
				86F168462544A7AD00873F69 /* Frameworks */,
				86F168472544A7AD00873F69 /* Resources */,
				88BF7A6CEA9A7D81701731E3 /* [CP] Embed Pods Frameworks */,
			);
			buildRules = (
			);
			dependencies = (
			);
			name = PizzaApp;
			productName = PizzaApp;
			productReference = 86F168492544A7AD00873F69 /* PizzaApp.app */;
			productType = "com.apple.product-type.application";
		};
/* End PBXNativeTarget section */

/* Begin PBXProject section */
		86F168412544A7AD00873F69 /* Project object */ = {
			isa = PBXProject;
			attributes = {
				LastSwiftUpdateCheck = 1160;
				LastUpgradeCheck = 1160;
				ORGANIZATIONNAME = Me;
				TargetAttributes = {
					86F168482544A7AD00873F69 = {
						CreatedOnToolsVersion = 11.6;
					};
				};
			};
			buildConfigurationList = 86F168442544A7AD00873F69 /* Build configuration list for PBXProject "PizzaApp" */;
			compatibilityVersion = "Xcode 9.3";
			developmentRegion = en;
			hasScannedForEncodings = 0;
			knownRegions = (
				en,
				Base,
			);
			mainGroup = 86F168402544A7AD00873F69;
			productRefGroup = 86F1684A2544A7AD00873F69 /* Products */;
			projectDirPath = "";
			projectRoot = "";
			targets = (
				86F168482544A7AD00873F69 /* PizzaApp */,
			);
		};
/* End PBXProject section */

/* Begin PBXResourcesBuildPhase section */
		86F168472544A7AD00873F69 /* Resources */ = {
			isa = PBXResourcesBuildPhase;
			buildActionMask = 2147483647;
			files = (
				86F168592544A7AE00873F69 /* LaunchScreen.storyboard in Resources */,
				86F168562544A7AE00873F69 /* Assets.xcassets in Resources */,
				864AF3ED258CF9C8005173E6 /* PopularCell.xib in Resources */,
				86F1686D2544C65C00873F69 /* SliderCell.xib in Resources */,
				86F168652544A96400873F69 /* HomeViewController.xib in Resources */,
			);
			runOnlyForDeploymentPostprocessing = 0;
		};
/* End PBXResourcesBuildPhase section */

/* Begin PBXShellScriptBuildPhase section */
		01C83E3B079475CBEC2C1C62 /* [CP] Check Pods Manifest.lock */ = {
			isa = PBXShellScriptBuildPhase;
			buildActionMask = 2147483647;
			files = (
			);
			inputFileListPaths = (
			);
			inputPaths = (
				"${PODS_PODFILE_DIR_PATH}/Podfile.lock",
				"${PODS_ROOT}/Manifest.lock",
			);
			name = "[CP] Check Pods Manifest.lock";
			outputFileListPaths = (
			);
			outputPaths = (
				"$(DERIVED_FILE_DIR)/Pods-PizzaApp-checkManifestLockResult.txt",
			);
			runOnlyForDeploymentPostprocessing = 0;
			shellPath = /bin/sh;
			shellScript = "diff \"${PODS_PODFILE_DIR_PATH}/Podfile.lock\" \"${PODS_ROOT}/Manifest.lock\" > /dev/null\nif [ $? != 0 ] ; then\n    # print error to STDERR\n    echo \"error: The sandbox is not in sync with the Podfile.lock. Run 'pod install' or update your CocoaPods installation.\" >&2\n    exit 1\nfi\n# This output is used by Xcode 'outputs' to avoid re-running this script phase.\necho \"SUCCESS\" > \"${SCRIPT_OUTPUT_FILE_0}\"\n";
			showEnvVarsInLog = 0;
		};
		88BF7A6CEA9A7D81701731E3 /* [CP] Embed Pods Frameworks */ = {
			isa = PBXShellScriptBuildPhase;
			buildActionMask = 2147483647;
			files = (
			);
			inputFileListPaths = (
				"${PODS_ROOT}/Target Support Files/Pods-PizzaApp/Pods-PizzaApp-frameworks-${CONFIGURATION}-input-files.xcfilelist",
			);
			name = "[CP] Embed Pods Frameworks";
			outputFileListPaths = (
				"${PODS_ROOT}/Target Support Files/Pods-PizzaApp/Pods-PizzaApp-frameworks-${CONFIGURATION}-output-files.xcfilelist",
			);
			runOnlyForDeploymentPostprocessing = 0;
			shellPath = /bin/sh;
			shellScript = "\"${PODS_ROOT}/Target Support Files/Pods-PizzaApp/Pods-PizzaApp-frameworks.sh\"\n";
			showEnvVarsInLog = 0;
		};
/* End PBXShellScriptBuildPhase section */

/* Begin PBXSourcesBuildPhase section */
		86F168452544A7AD00873F69 /* Sources */ = {
			isa = PBXSourcesBuildPhase;
			buildActionMask = 2147483647;
			files = (
				86B9DBFF2544D394000F1FC4 /* UITableView+Extensions.swift in Sources */,
				86F1684D2544A7AD00873F69 /* AppDelegate.swift in Sources */,
				86F1686C2544C65C00873F69 /* SliderCell.swift in Sources */,
				86B89C11258D49B10018141C /* UIColor+Extensions.swift in Sources */,
				86B0E9D725851CF000317A7B /* HomeViewModel.swift in Sources */,
				8670F8AE2591405200AC3AAA /* Navigator.swift in Sources */,
				861A1F73259654C100EFD781 /* BaseWireFrame.swift in Sources */,
				864AF3F5258D20E7005173E6 /* CustomTabBar.swift in Sources */,
				8670F8A825913CE200AC3AAA /* AppCoordinator.swift in Sources */,
				86B9DC032544D56E000F1FC4 /* CustomView.swift in Sources */,
				864AF3F3258D136D005173E6 /* CustomTabBarController.swift in Sources */,
				86B9DBFD2544D175000F1FC4 /* UICollectioView+Extensions.swift in Sources */,
				864AF3EC258CF9C8005173E6 /* PopularCell.swift in Sources */,
				864AF3F0258D02A6005173E6 /* Product.swift in Sources */,
				86F168642544A96400873F69 /* HomeViewController.swift in Sources */,
				8670F8AB2591402800AC3AAA /* MainNavigators.swift in Sources */,
				8661BA5F25476D4D003178B2 /* RatingView.swift in Sources */,
			);
			runOnlyForDeploymentPostprocessing = 0;
		};
/* End PBXSourcesBuildPhase section */

/* Begin PBXVariantGroup section */
		86F168572544A7AE00873F69 /* LaunchScreen.storyboard */ = {
			isa = PBXVariantGroup;
			children = (
				86F168582544A7AE00873F69 /* Base */,
			);
			name = LaunchScreen.storyboard;
			sourceTree = "<group>";
		};
/* End PBXVariantGroup section */

/* Begin XCBuildConfiguration section */
		86F1685B2544A7AE00873F69 /* Debug */ = {
			isa = XCBuildConfiguration;
			buildSettings = {
				ALWAYS_SEARCH_USER_PATHS = NO;
				CLANG_ANALYZER_NONNULL = YES;
				CLANG_ANALYZER_NUMBER_OBJECT_CONVERSION = YES_AGGRESSIVE;
				CLANG_CXX_LANGUAGE_STANDARD = "gnu++14";
				CLANG_CXX_LIBRARY = "libc++";
				CLANG_ENABLE_MODULES = YES;
				CLANG_ENABLE_OBJC_ARC = YES;
				CLANG_ENABLE_OBJC_WEAK = YES;
				CLANG_WARN_BLOCK_CAPTURE_AUTORELEASING = YES;
				CLANG_WARN_BOOL_CONVERSION = YES;
				CLANG_WARN_COMMA = YES;
				CLANG_WARN_CONSTANT_CONVERSION = YES;
				CLANG_WARN_DEPRECATED_OBJC_IMPLEMENTATIONS = YES;
				CLANG_WARN_DIRECT_OBJC_ISA_USAGE = YES_ERROR;
				CLANG_WARN_DOCUMENTATION_COMMENTS = YES;
				CLANG_WARN_EMPTY_BODY = YES;
				CLANG_WARN_ENUM_CONVERSION = YES;
				CLANG_WARN_INFINITE_RECURSION = YES;
				CLANG_WARN_INT_CONVERSION = YES;
				CLANG_WARN_NON_LITERAL_NULL_CONVERSION = YES;
				CLANG_WARN_OBJC_IMPLICIT_RETAIN_SELF = YES;
				CLANG_WARN_OBJC_LITERAL_CONVERSION = YES;
				CLANG_WARN_OBJC_ROOT_CLASS = YES_ERROR;
				CLANG_WARN_RANGE_LOOP_ANALYSIS = YES;
				CLANG_WARN_STRICT_PROTOTYPES = YES;
				CLANG_WARN_SUSPICIOUS_MOVE = YES;
				CLANG_WARN_UNGUARDED_AVAILABILITY = YES_AGGRESSIVE;
				CLANG_WARN_UNREACHABLE_CODE = YES;
				CLANG_WARN__DUPLICATE_METHOD_MATCH = YES;
				COPY_PHASE_STRIP = NO;
				DEBUG_INFORMATION_FORMAT = dwarf;
				ENABLE_STRICT_OBJC_MSGSEND = YES;
				ENABLE_TESTABILITY = YES;
				GCC_C_LANGUAGE_STANDARD = gnu11;
				GCC_DYNAMIC_NO_PIC = NO;
				GCC_NO_COMMON_BLOCKS = YES;
				GCC_OPTIMIZATION_LEVEL = 0;
				GCC_PREPROCESSOR_DEFINITIONS = (
					"DEBUG=1",
					"$(inherited)",
				);
				GCC_WARN_64_TO_32_BIT_CONVERSION = YES;
				GCC_WARN_ABOUT_RETURN_TYPE = YES_ERROR;
				GCC_WARN_UNDECLARED_SELECTOR = YES;
				GCC_WARN_UNINITIALIZED_AUTOS = YES_AGGRESSIVE;
				GCC_WARN_UNUSED_FUNCTION = YES;
				GCC_WARN_UNUSED_VARIABLE = YES;
				IPHONEOS_DEPLOYMENT_TARGET = 13.6;
				MTL_ENABLE_DEBUG_INFO = INCLUDE_SOURCE;
				MTL_FAST_MATH = YES;
				ONLY_ACTIVE_ARCH = YES;
				SDKROOT = iphoneos;
				SWIFT_ACTIVE_COMPILATION_CONDITIONS = DEBUG;
				SWIFT_OPTIMIZATION_LEVEL = "-Onone";
			};
			name = Debug;
		};
		86F1685C2544A7AE00873F69 /* Release */ = {
			isa = XCBuildConfiguration;
			buildSettings = {
				ALWAYS_SEARCH_USER_PATHS = NO;
				CLANG_ANALYZER_NONNULL = YES;
				CLANG_ANALYZER_NUMBER_OBJECT_CONVERSION = YES_AGGRESSIVE;
				CLANG_CXX_LANGUAGE_STANDARD = "gnu++14";
				CLANG_CXX_LIBRARY = "libc++";
				CLANG_ENABLE_MODULES = YES;
				CLANG_ENABLE_OBJC_ARC = YES;
				CLANG_ENABLE_OBJC_WEAK = YES;
				CLANG_WARN_BLOCK_CAPTURE_AUTORELEASING = YES;
				CLANG_WARN_BOOL_CONVERSION = YES;
				CLANG_WARN_COMMA = YES;
				CLANG_WARN_CONSTANT_CONVERSION = YES;
				CLANG_WARN_DEPRECATED_OBJC_IMPLEMENTATIONS = YES;
				CLANG_WARN_DIRECT_OBJC_ISA_USAGE = YES_ERROR;
				CLANG_WARN_DOCUMENTATION_COMMENTS = YES;
				CLANG_WARN_EMPTY_BODY = YES;
				CLANG_WARN_ENUM_CONVERSION = YES;
				CLANG_WARN_INFINITE_RECURSION = YES;
				CLANG_WARN_INT_CONVERSION = YES;
				CLANG_WARN_NON_LITERAL_NULL_CONVERSION = YES;
				CLANG_WARN_OBJC_IMPLICIT_RETAIN_SELF = YES;
				CLANG_WARN_OBJC_LITERAL_CONVERSION = YES;
				CLANG_WARN_OBJC_ROOT_CLASS = YES_ERROR;
				CLANG_WARN_RANGE_LOOP_ANALYSIS = YES;
				CLANG_WARN_STRICT_PROTOTYPES = YES;
				CLANG_WARN_SUSPICIOUS_MOVE = YES;
				CLANG_WARN_UNGUARDED_AVAILABILITY = YES_AGGRESSIVE;
				CLANG_WARN_UNREACHABLE_CODE = YES;
				CLANG_WARN__DUPLICATE_METHOD_MATCH = YES;
				COPY_PHASE_STRIP = NO;
				DEBUG_INFORMATION_FORMAT = "dwarf-with-dsym";
				ENABLE_NS_ASSERTIONS = NO;
				ENABLE_STRICT_OBJC_MSGSEND = YES;
				GCC_C_LANGUAGE_STANDARD = gnu11;
				GCC_NO_COMMON_BLOCKS = YES;
				GCC_WARN_64_TO_32_BIT_CONVERSION = YES;
				GCC_WARN_ABOUT_RETURN_TYPE = YES_ERROR;
				GCC_WARN_UNDECLARED_SELECTOR = YES;
				GCC_WARN_UNINITIALIZED_AUTOS = YES_AGGRESSIVE;
				GCC_WARN_UNUSED_FUNCTION = YES;
				GCC_WARN_UNUSED_VARIABLE = YES;
				IPHONEOS_DEPLOYMENT_TARGET = 13.6;
				MTL_ENABLE_DEBUG_INFO = NO;
				MTL_FAST_MATH = YES;
				SDKROOT = iphoneos;
				SWIFT_COMPILATION_MODE = wholemodule;
				SWIFT_OPTIMIZATION_LEVEL = "-O";
				VALIDATE_PRODUCT = YES;
			};
			name = Release;
		};
		86F1685E2544A7AE00873F69 /* Debug */ = {
			isa = XCBuildConfiguration;
			baseConfigurationReference = 6D15D5AA9F955C57E17AFDAC /* Pods-PizzaApp.debug.xcconfig */;
			buildSettings = {
				ASSETCATALOG_COMPILER_APPICON_NAME = AppIcon;
				CODE_SIGN_STYLE = Automatic;
				DEVELOPMENT_TEAM = K45R84TCRS;
				INFOPLIST_FILE = PizzaApp/Resources/Info.plist;
				IPHONEOS_DEPLOYMENT_TARGET = 12.0;
				LD_RUNPATH_SEARCH_PATHS = (
					"$(inherited)",
					"@executable_path/Frameworks",
				);
				PRODUCT_BUNDLE_IDENTIFIER = com.Me.PizzaApp;
				PRODUCT_NAME = "$(TARGET_NAME)";
				SWIFT_VERSION = 5.0;
				TARGETED_DEVICE_FAMILY = "1,2";
			};
			name = Debug;
		};
		86F1685F2544A7AE00873F69 /* Release */ = {
			isa = XCBuildConfiguration;
			baseConfigurationReference = 3C22AC1063C6485CB321DAA0 /* Pods-PizzaApp.release.xcconfig */;
			buildSettings = {
				ASSETCATALOG_COMPILER_APPICON_NAME = AppIcon;
				CODE_SIGN_STYLE = Automatic;
				DEVELOPMENT_TEAM = K45R84TCRS;
				INFOPLIST_FILE = PizzaApp/Resources/Info.plist;
				IPHONEOS_DEPLOYMENT_TARGET = 12.0;
				LD_RUNPATH_SEARCH_PATHS = (
					"$(inherited)",
					"@executable_path/Frameworks",
				);
				PRODUCT_BUNDLE_IDENTIFIER = com.Me.PizzaApp;
				PRODUCT_NAME = "$(TARGET_NAME)";
				SWIFT_VERSION = 5.0;
				TARGETED_DEVICE_FAMILY = "1,2";
			};
			name = Release;
		};
/* End XCBuildConfiguration section */

/* Begin XCConfigurationList section */
		86F168442544A7AD00873F69 /* Build configuration list for PBXProject "PizzaApp" */ = {
			isa = XCConfigurationList;
			buildConfigurations = (
				86F1685B2544A7AE00873F69 /* Debug */,
				86F1685C2544A7AE00873F69 /* Release */,
			);
			defaultConfigurationIsVisible = 0;
			defaultConfigurationName = Release;
		};
		86F1685D2544A7AE00873F69 /* Build configuration list for PBXNativeTarget "PizzaApp" */ = {
			isa = XCConfigurationList;
			buildConfigurations = (
				86F1685E2544A7AE00873F69 /* Debug */,
				86F1685F2544A7AE00873F69 /* Release */,
			);
			defaultConfigurationIsVisible = 0;
			defaultConfigurationName = Release;
		};
/* End XCConfigurationList section */
	};
	rootObject = 86F168412544A7AD00873F69 /* Project object */;
}
